// !$*UTF8*$!
{
	archiveVersion = 1;
	classes = {
	};
	objectVersion = 48;
	objects = {

/* Begin PBXBuildFile section */
		37C7AC5B20444A2B002DF3E4 /* AppDelegate.swift in Sources */ = {isa = PBXBuildFile; fileRef = 37C7AC5A20444A2B002DF3E4 /* AppDelegate.swift */; };
		37C7AC5D20444A2B002DF3E4 /* RootViewController.swift in Sources */ = {isa = PBXBuildFile; fileRef = 37C7AC5C20444A2B002DF3E4 /* RootViewController.swift */; };
		37C7AC5F20444A2B002DF3E4 /* DataViewController.swift in Sources */ = {isa = PBXBuildFile; fileRef = 37C7AC5E20444A2B002DF3E4 /* DataViewController.swift */; };
		37C7AC6120444A2B002DF3E4 /* ModelController.swift in Sources */ = {isa = PBXBuildFile; fileRef = 37C7AC6020444A2B002DF3E4 /* ModelController.swift */; };
		37C7AC6420444A2B002DF3E4 /* Main.storyboard in Resources */ = {isa = PBXBuildFile; fileRef = 37C7AC6220444A2B002DF3E4 /* Main.storyboard */; };
		37C7AC6620444A2B002DF3E4 /* Assets.xcassets in Resources */ = {isa = PBXBuildFile; fileRef = 37C7AC6520444A2B002DF3E4 /* Assets.xcassets */; };
		37C7AC6920444A2B002DF3E4 /* LaunchScreen.storyboard in Resources */ = {isa = PBXBuildFile; fileRef = 37C7AC6720444A2B002DF3E4 /* LaunchScreen.storyboard */; };
		37C7AC7420444A2B002DF3E4 /* UP719481Tests.swift in Sources */ = {isa = PBXBuildFile; fileRef = 37C7AC7320444A2B002DF3E4 /* UP719481Tests.swift */; };
		37C7AC7F20444A2C002DF3E4 /* UP719481UITests.swift in Sources */ = {isa = PBXBuildFile; fileRef = 37C7AC7E20444A2C002DF3E4 /* UP719481UITests.swift */; };
		37C7AC982044580D002DF3E4 /* uopLogo.jpg in Resources */ = {isa = PBXBuildFile; fileRef = 37C7AC972044580D002DF3E4 /* uopLogo.jpg */; };
/* End PBXBuildFile section */

/* Begin PBXContainerItemProxy section */
		37C7AC7020444A2B002DF3E4 /* PBXContainerItemProxy */ = {
			isa = PBXContainerItemProxy;
			containerPortal = 37C7AC4F20444A2B002DF3E4 /* Project object */;
			proxyType = 1;
			remoteGlobalIDString = 37C7AC5620444A2B002DF3E4;
			remoteInfo = UP719481;
		};
		37C7AC7B20444A2C002DF3E4 /* PBXContainerItemProxy */ = {
			isa = PBXContainerItemProxy;
			containerPortal = 37C7AC4F20444A2B002DF3E4 /* Project object */;
			proxyType = 1;
			remoteGlobalIDString = 37C7AC5620444A2B002DF3E4;
			remoteInfo = UP719481;
		};
/* End PBXContainerItemProxy section */

/* Begin PBXFileReference section */
		37C7AC5720444A2B002DF3E4 /* UP719481.app */ = {isa = PBXFileReference; explicitFileType = wrapper.application; includeInIndex = 0; path = UP719481.app; sourceTree = BUILT_PRODUCTS_DIR; };
		37C7AC5A20444A2B002DF3E4 /* AppDelegate.swift */ = {isa = PBXFileReference; lastKnownFileType = sourcecode.swift; path = AppDelegate.swift; sourceTree = "<group>"; };
		37C7AC5C20444A2B002DF3E4 /* RootViewController.swift */ = {isa = PBXFileReference; lastKnownFileType = sourcecode.swift; path = RootViewController.swift; sourceTree = "<group>"; };
		37C7AC5E20444A2B002DF3E4 /* DataViewController.swift */ = {isa = PBXFileReference; lastKnownFileType = sourcecode.swift; path = DataViewController.swift; sourceTree = "<group>"; };
		37C7AC6020444A2B002DF3E4 /* ModelController.swift */ = {isa = PBXFileReference; lastKnownFileType = sourcecode.swift; path = ModelController.swift; sourceTree = "<group>"; };
		37C7AC6320444A2B002DF3E4 /* Base */ = {isa = PBXFileReference; lastKnownFileType = file.storyboard; name = Base; path = Base.lproj/Main.storyboard; sourceTree = "<group>"; };
		37C7AC6520444A2B002DF3E4 /* Assets.xcassets */ = {isa = PBXFileReference; lastKnownFileType = folder.assetcatalog; path = Assets.xcassets; sourceTree = "<group>"; };
		37C7AC6820444A2B002DF3E4 /* Base */ = {isa = PBXFileReference; lastKnownFileType = file.storyboard; name = Base; path = Base.lproj/LaunchScreen.storyboard; sourceTree = "<group>"; };
		37C7AC6A20444A2B002DF3E4 /* Info.plist */ = {isa = PBXFileReference; lastKnownFileType = text.plist.xml; path = Info.plist; sourceTree = "<group>"; };
		37C7AC6F20444A2B002DF3E4 /* UP719481Tests.xctest */ = {isa = PBXFileReference; explicitFileType = wrapper.cfbundle; includeInIndex = 0; path = UP719481Tests.xctest; sourceTree = BUILT_PRODUCTS_DIR; };
		37C7AC7320444A2B002DF3E4 /* UP719481Tests.swift */ = {isa = PBXFileReference; lastKnownFileType = sourcecode.swift; path = UP719481Tests.swift; sourceTree = "<group>"; };
		37C7AC7520444A2C002DF3E4 /* Info.plist */ = {isa = PBXFileReference; lastKnownFileType = text.plist.xml; path = Info.plist; sourceTree = "<group>"; };
		37C7AC7A20444A2C002DF3E4 /* UP719481UITests.xctest */ = {isa = PBXFileReference; explicitFileType = wrapper.cfbundle; includeInIndex = 0; path = UP719481UITests.xctest; sourceTree = BUILT_PRODUCTS_DIR; };
		37C7AC7E20444A2C002DF3E4 /* UP719481UITests.swift */ = {isa = PBXFileReference; lastKnownFileType = sourcecode.swift; path = UP719481UITests.swift; sourceTree = "<group>"; };
		37C7AC8020444A2C002DF3E4 /* Info.plist */ = {isa = PBXFileReference; lastKnownFileType = text.plist.xml; path = Info.plist; sourceTree = "<group>"; };
		37C7AC972044580D002DF3E4 /* uopLogo.jpg */ = {isa = PBXFileReference; lastKnownFileType = image.jpeg; path = uopLogo.jpg; sourceTree = "<group>"; };
/* End PBXFileReference section */

/* Begin PBXFrameworksBuildPhase section */
		37C7AC5420444A2B002DF3E4 /* Frameworks */ = {
			isa = PBXFrameworksBuildPhase;
			buildActionMask = 2147483647;
			files = (
			);
			runOnlyForDeploymentPostprocessing = 0;
		};
		37C7AC6C20444A2B002DF3E4 /* Frameworks */ = {
			isa = PBXFrameworksBuildPhase;
			buildActionMask = 2147483647;
			files = (
			);
			runOnlyForDeploymentPostprocessing = 0;
		};
		37C7AC7720444A2C002DF3E4 /* Frameworks */ = {
			isa = PBXFrameworksBuildPhase;
			buildActionMask = 2147483647;
			files = (
			);
			runOnlyForDeploymentPostprocessing = 0;
		};
/* End PBXFrameworksBuildPhase section */

/* Begin PBXGroup section */
		37C7AC4E20444A2B002DF3E4 = {
			isa = PBXGroup;
			children = (
				37C7AC5920444A2B002DF3E4 /* UP719481 */,
				37C7AC7220444A2B002DF3E4 /* UP719481Tests */,
				37C7AC7D20444A2C002DF3E4 /* UP719481UITests */,
				37C7AC5820444A2B002DF3E4 /* Products */,
			);
			sourceTree = "<group>";
		};
		37C7AC5820444A2B002DF3E4 /* Products */ = {
			isa = PBXGroup;
			children = (
				37C7AC5720444A2B002DF3E4 /* UP719481.app */,
				37C7AC6F20444A2B002DF3E4 /* UP719481Tests.xctest */,
				37C7AC7A20444A2C002DF3E4 /* UP719481UITests.xctest */,
			);
			name = Products;
			sourceTree = "<group>";
		};
		37C7AC5920444A2B002DF3E4 /* UP719481 */ = {
			isa = PBXGroup;
			children = (
				37C7AC5A20444A2B002DF3E4 /* AppDelegate.swift */,
				37C7AC5C20444A2B002DF3E4 /* RootViewController.swift */,
				37C7AC5E20444A2B002DF3E4 /* DataViewController.swift */,
				37C7AC6020444A2B002DF3E4 /* ModelController.swift */,
				37C7AC6220444A2B002DF3E4 /* Main.storyboard */,
				37C7AC6520444A2B002DF3E4 /* Assets.xcassets */,
				37C7AC6720444A2B002DF3E4 /* LaunchScreen.storyboard */,
				37C7AC6A20444A2B002DF3E4 /* Info.plist */,
				37C7AC9920445811002DF3E4 /* Images */,
			);
			path = UP719481;
			sourceTree = "<group>";
		};
		37C7AC7220444A2B002DF3E4 /* UP719481Tests */ = {
			isa = PBXGroup;
			children = (
				37C7AC7320444A2B002DF3E4 /* UP719481Tests.swift */,
				37C7AC7520444A2C002DF3E4 /* Info.plist */,
			);
			path = UP719481Tests;
			sourceTree = "<group>";
		};
		37C7AC7D20444A2C002DF3E4 /* UP719481UITests */ = {
			isa = PBXGroup;
			children = (
				37C7AC7E20444A2C002DF3E4 /* UP719481UITests.swift */,
				37C7AC8020444A2C002DF3E4 /* Info.plist */,
			);
			path = UP719481UITests;
			sourceTree = "<group>";
		};
		37C7AC9920445811002DF3E4 /* Images */ = {
			isa = PBXGroup;
			children = (
				37C7AC972044580D002DF3E4 /* uopLogo.jpg */,
			);
			path = Images;
			sourceTree = "<group>";
		};
/* End PBXGroup section */

/* Begin PBXNativeTarget section */
		37C7AC5620444A2B002DF3E4 /* UP719481 */ = {
			isa = PBXNativeTarget;
			buildConfigurationList = 37C7AC8320444A2C002DF3E4 /* Build configuration list for PBXNativeTarget "UP719481" */;
			buildPhases = (
				37C7AC5320444A2B002DF3E4 /* Sources */,
				37C7AC5420444A2B002DF3E4 /* Frameworks */,
				37C7AC5520444A2B002DF3E4 /* Resources */,
			);
			buildRules = (
			);
			dependencies = (
			);
			name = UP719481;
			productName = UP719481;
			productReference = 37C7AC5720444A2B002DF3E4 /* UP719481.app */;
			productType = "com.apple.product-type.application";
		};
		37C7AC6E20444A2B002DF3E4 /* UP719481Tests */ = {
			isa = PBXNativeTarget;
			buildConfigurationList = 37C7AC8620444A2C002DF3E4 /* Build configuration list for PBXNativeTarget "UP719481Tests" */;
			buildPhases = (
				37C7AC6B20444A2B002DF3E4 /* Sources */,
				37C7AC6C20444A2B002DF3E4 /* Frameworks */,
				37C7AC6D20444A2B002DF3E4 /* Resources */,
			);
			buildRules = (
			);
			dependencies = (
				37C7AC7120444A2B002DF3E4 /* PBXTargetDependency */,
			);
			name = UP719481Tests;
			productName = UP719481Tests;
			productReference = 37C7AC6F20444A2B002DF3E4 /* UP719481Tests.xctest */;
			productType = "com.apple.product-type.bundle.unit-test";
		};
		37C7AC7920444A2C002DF3E4 /* UP719481UITests */ = {
			isa = PBXNativeTarget;
			buildConfigurationList = 37C7AC8920444A2C002DF3E4 /* Build configuration list for PBXNativeTarget "UP719481UITests" */;
			buildPhases = (
				37C7AC7620444A2C002DF3E4 /* Sources */,
				37C7AC7720444A2C002DF3E4 /* Frameworks */,
				37C7AC7820444A2C002DF3E4 /* Resources */,
			);
			buildRules = (
			);
			dependencies = (
				37C7AC7C20444A2C002DF3E4 /* PBXTargetDependency */,
			);
			name = UP719481UITests;
			productName = UP719481UITests;
			productReference = 37C7AC7A20444A2C002DF3E4 /* UP719481UITests.xctest */;
			productType = "com.apple.product-type.bundle.ui-testing";
		};
/* End PBXNativeTarget section */

/* Begin PBXProject section */
		37C7AC4F20444A2B002DF3E4 /* Project object */ = {
			isa = PBXProject;
			attributes = {
				LastSwiftUpdateCheck = 0920;
				LastUpgradeCheck = 0920;
				TargetAttributes = {
					37C7AC5620444A2B002DF3E4 = {
						CreatedOnToolsVersion = 9.2;
						ProvisioningStyle = Automatic;
					};
					37C7AC6E20444A2B002DF3E4 = {
						CreatedOnToolsVersion = 9.2;
						ProvisioningStyle = Automatic;
						TestTargetID = 37C7AC5620444A2B002DF3E4;
					};
					37C7AC7920444A2C002DF3E4 = {
						CreatedOnToolsVersion = 9.2;
						ProvisioningStyle = Automatic;
						TestTargetID = 37C7AC5620444A2B002DF3E4;
					};
				};
			};
			buildConfigurationList = 37C7AC5220444A2B002DF3E4 /* Build configuration list for PBXProject "UP719481" */;
			compatibilityVersion = "Xcode 8.0";
			developmentRegion = en;
			hasScannedForEncodings = 0;
			knownRegions = (
				en,
				Base,
			);
			mainGroup = 37C7AC4E20444A2B002DF3E4;
			productRefGroup = 37C7AC5820444A2B002DF3E4 /* Products */;
			projectDirPath = "";
			projectRoot = "";
			targets = (
				37C7AC5620444A2B002DF3E4 /* UP719481 */,
				37C7AC6E20444A2B002DF3E4 /* UP719481Tests */,
				37C7AC7920444A2C002DF3E4 /* UP719481UITests */,
			);
		};
/* End PBXProject section */

/* Begin PBXResourcesBuildPhase section */
		37C7AC5520444A2B002DF3E4 /* Resources */ = {
			isa = PBXResourcesBuildPhase;
			buildActionMask = 2147483647;
			files = (
				37C7AC6920444A2B002DF3E4 /* LaunchScreen.storyboard in Resources */,
				37C7AC6620444A2B002DF3E4 /* Assets.xcassets in Resources */,
				37C7AC6420444A2B002DF3E4 /* Main.storyboard in Resources */,
				37C7AC982044580D002DF3E4 /* uopLogo.jpg in Resources */,
			);
			runOnlyForDeploymentPostprocessing = 0;
		};
		37C7AC6D20444A2B002DF3E4 /* Resources */ = {
			isa = PBXResourcesBuildPhase;
			buildActionMask = 2147483647;
			files = (
			);
			runOnlyForDeploymentPostprocessing = 0;
		};
		37C7AC7820444A2C002DF3E4 /* Resources */ = {
			isa = PBXResourcesBuildPhase;
			buildActionMask = 2147483647;
			files = (
			);
			runOnlyForDeploymentPostprocessing = 0;
		};
/* End PBXResourcesBuildPhase section */

/* Begin PBXSourcesBuildPhase section */
		37C7AC5320444A2B002DF3E4 /* Sources */ = {
			isa = PBXSourcesBuildPhase;
			buildActionMask = 2147483647;
			files = (
				37C7AC5D20444A2B002DF3E4 /* RootViewController.swift in Sources */,
				37C7AC6120444A2B002DF3E4 /* ModelController.swift in Sources */,
				37C7AC5F20444A2B002DF3E4 /* DataViewController.swift in Sources */,
				37C7AC5B20444A2B002DF3E4 /* AppDelegate.swift in Sources */,
			);
			runOnlyForDeploymentPostprocessing = 0;
		};
		37C7AC6B20444A2B002DF3E4 /* Sources */ = {
			isa = PBXSourcesBuildPhase;
			buildActionMask = 2147483647;
			files = (
				37C7AC7420444A2B002DF3E4 /* UP719481Tests.swift in Sources */,
			);
			runOnlyForDeploymentPostprocessing = 0;
		};
		37C7AC7620444A2C002DF3E4 /* Sources */ = {
			isa = PBXSourcesBuildPhase;
			buildActionMask = 2147483647;
			files = (
				37C7AC7F20444A2C002DF3E4 /* UP719481UITests.swift in Sources */,
			);
			runOnlyForDeploymentPostprocessing = 0;
		};
/* End PBXSourcesBuildPhase section */

/* Begin PBXTargetDependency section */
		37C7AC7120444A2B002DF3E4 /* PBXTargetDependency */ = {
			isa = PBXTargetDependency;
			target = 37C7AC5620444A2B002DF3E4 /* UP719481 */;
			targetProxy = 37C7AC7020444A2B002DF3E4 /* PBXContainerItemProxy */;
		};
		37C7AC7C20444A2C002DF3E4 /* PBXTargetDependency */ = {
			isa = PBXTargetDependency;
			target = 37C7AC5620444A2B002DF3E4 /* UP719481 */;
			targetProxy = 37C7AC7B20444A2C002DF3E4 /* PBXContainerItemProxy */;
		};
/* End PBXTargetDependency section */

/* Begin PBXVariantGroup section */
		37C7AC6220444A2B002DF3E4 /* Main.storyboard */ = {
			isa = PBXVariantGroup;
			children = (
				37C7AC6320444A2B002DF3E4 /* Base */,
			);
			name = Main.storyboard;
			sourceTree = "<group>";
		};
		37C7AC6720444A2B002DF3E4 /* LaunchScreen.storyboard */ = {
			isa = PBXVariantGroup;
			children = (
				37C7AC6820444A2B002DF3E4 /* Base */,
			);
			name = LaunchScreen.storyboard;
			sourceTree = "<group>";
		};
/* End PBXVariantGroup section */

/* Begin XCBuildConfiguration section */
		37C7AC8120444A2C002DF3E4 /* Debug */ = {
			isa = XCBuildConfiguration;
			buildSettings = {
				ALWAYS_SEARCH_USER_PATHS = NO;
				CLANG_ANALYZER_NONNULL = YES;
				CLANG_ANALYZER_NUMBER_OBJECT_CONVERSION = YES_AGGRESSIVE;
				CLANG_CXX_LANGUAGE_STANDARD = "gnu++14";
				CLANG_CXX_LIBRARY = "libc++";
				CLANG_ENABLE_MODULES = YES;
				CLANG_ENABLE_OBJC_ARC = YES;
				CLANG_WARN_BLOCK_CAPTURE_AUTORELEASING = YES;
				CLANG_WARN_BOOL_CONVERSION = YES;
				CLANG_WARN_COMMA = YES;
				CLANG_WARN_CONSTANT_CONVERSION = YES;
				CLANG_WARN_DIRECT_OBJC_ISA_USAGE = YES_ERROR;
				CLANG_WARN_DOCUMENTATION_COMMENTS = YES;
				CLANG_WARN_EMPTY_BODY = YES;
				CLANG_WARN_ENUM_CONVERSION = YES;
				CLANG_WARN_INFINITE_RECURSION = YES;
				CLANG_WARN_INT_CONVERSION = YES;
				CLANG_WARN_NON_LITERAL_NULL_CONVERSION = YES;
				CLANG_WARN_OBJC_LITERAL_CONVERSION = YES;
				CLANG_WARN_OBJC_ROOT_CLASS = YES_ERROR;
				CLANG_WARN_RANGE_LOOP_ANALYSIS = YES;
				CLANG_WARN_STRICT_PROTOTYPES = YES;
				CLANG_WARN_SUSPICIOUS_MOVE = YES;
				CLANG_WARN_UNGUARDED_AVAILABILITY = YES_AGGRESSIVE;
				CLANG_WARN_UNREACHABLE_CODE = YES;
				CLANG_WARN__DUPLICATE_METHOD_MATCH = YES;
				CODE_SIGN_IDENTITY = "iPhone Developer";
				COPY_PHASE_STRIP = NO;
				DEBUG_INFORMATION_FORMAT = dwarf;
				ENABLE_STRICT_OBJC_MSGSEND = YES;
				ENABLE_TESTABILITY = YES;
				GCC_C_LANGUAGE_STANDARD = gnu11;
				GCC_DYNAMIC_NO_PIC = NO;
				GCC_NO_COMMON_BLOCKS = YES;
				GCC_OPTIMIZATION_LEVEL = 0;
				GCC_PREPROCESSOR_DEFINITIONS = (
					"DEBUG=1",
					"$(inherited)",
				);
				GCC_WARN_64_TO_32_BIT_CONVERSION = YES;
				GCC_WARN_ABOUT_RETURN_TYPE = YES_ERROR;
				GCC_WARN_UNDECLARED_SELECTOR = YES;
				GCC_WARN_UNINITIALIZED_AUTOS = YES_AGGRESSIVE;
				GCC_WARN_UNUSED_FUNCTION = YES;
				GCC_WARN_UNUSED_VARIABLE = YES;
				IPHONEOS_DEPLOYMENT_TARGET = 11.2;
				MTL_ENABLE_DEBUG_INFO = YES;
				ONLY_ACTIVE_ARCH = YES;
				SDKROOT = iphoneos;
				SWIFT_ACTIVE_COMPILATION_CONDITIONS = DEBUG;
				SWIFT_OPTIMIZATION_LEVEL = "-Onone";
			};
			name = Debug;
		};
		37C7AC8220444A2C002DF3E4 /* Release */ = {
			isa = XCBuildConfiguration;
			buildSettings = {
				ALWAYS_SEARCH_USER_PATHS = NO;
				CLANG_ANALYZER_NONNULL = YES;
				CLANG_ANALYZER_NUMBER_OBJECT_CONVERSION = YES_AGGRESSIVE;
				CLANG_CXX_LANGUAGE_STANDARD = "gnu++14";
				CLANG_CXX_LIBRARY = "libc++";
				CLANG_ENABLE_MODULES = YES;
				CLANG_ENABLE_OBJC_ARC = YES;
				CLANG_WARN_BLOCK_CAPTURE_AUTORELEASING = YES;
				CLANG_WARN_BOOL_CONVERSION = YES;
				CLANG_WARN_COMMA = YES;
				CLANG_WARN_CONSTANT_CONVERSION = YES;
				CLANG_WARN_DIRECT_OBJC_ISA_USAGE = YES_ERROR;
				CLANG_WARN_DOCUMENTATION_COMMENTS = YES;
				CLANG_WARN_EMPTY_BODY = YES;
				CLANG_WARN_ENUM_CONVERSION = YES;
				CLANG_WARN_INFINITE_RECURSION = YES;
				CLANG_WARN_INT_CONVERSION = YES;
				CLANG_WARN_NON_LITERAL_NULL_CONVERSION = YES;
				CLANG_WARN_OBJC_LITERAL_CONVERSION = YES;
				CLANG_WARN_OBJC_ROOT_CLASS = YES_ERROR;
				CLANG_WARN_RANGE_LOOP_ANALYSIS = YES;
				CLANG_WARN_STRICT_PROTOTYPES = YES;
				CLANG_WARN_SUSPICIOUS_MOVE = YES;
				CLANG_WARN_UNGUARDED_AVAILABILITY = YES_AGGRESSIVE;
				CLANG_WARN_UNREACHABLE_CODE = YES;
				CLANG_WARN__DUPLICATE_METHOD_MATCH = YES;
				CODE_SIGN_IDENTITY = "iPhone Developer";
				COPY_PHASE_STRIP = NO;
				DEBUG_INFORMATION_FORMAT = "dwarf-with-dsym";
				ENABLE_NS_ASSERTIONS = NO;
				ENABLE_STRICT_OBJC_MSGSEND = YES;
				GCC_C_LANGUAGE_STANDARD = gnu11;
				GCC_NO_COMMON_BLOCKS = YES;
				GCC_WARN_64_TO_32_BIT_CONVERSION = YES;
				GCC_WARN_ABOUT_RETURN_TYPE = YES_ERROR;
				GCC_WARN_UNDECLARED_SELECTOR = YES;
				GCC_WARN_UNINITIALIZED_AUTOS = YES_AGGRESSIVE;
				GCC_WARN_UNUSED_FUNCTION = YES;
				GCC_WARN_UNUSED_VARIABLE = YES;
				IPHONEOS_DEPLOYMENT_TARGET = 11.2;
				MTL_ENABLE_DEBUG_INFO = NO;
				SDKROOT = iphoneos;
				SWIFT_OPTIMIZATION_LEVEL = "-Owholemodule";
				VALIDATE_PRODUCT = YES;
			};
			name = Release;
		};
		37C7AC8420444A2C002DF3E4 /* Debug */ = {
			isa = XCBuildConfiguration;
			buildSettings = {
				ASSETCATALOG_COMPILER_APPICON_NAME = AppIcon;
				CODE_SIGN_STYLE = Automatic;
				DEVELOPMENT_TEAM = C35B5V8K4N;
				INFOPLIST_FILE = UP719481/Info.plist;
				LD_RUNPATH_SEARCH_PATHS = "$(inherited) @executable_path/Frameworks";
				PRODUCT_BUNDLE_IDENTIFIER = FinalProject.UP719481;
				PRODUCT_NAME = "$(TARGET_NAME)";
				SWIFT_VERSION = 4.0;
				TARGETED_DEVICE_FAMILY = "1,2";
			};
			name = Debug;
		};
		37C7AC8520444A2C002DF3E4 /* Release */ = {
			isa = XCBuildConfiguration;
			buildSettings = {
				ASSETCATALOG_COMPILER_APPICON_NAME = AppIcon;
				CODE_SIGN_STYLE = Automatic;
				DEVELOPMENT_TEAM = C35B5V8K4N;
				INFOPLIST_FILE = UP719481/Info.plist;
				LD_RUNPATH_SEARCH_PATHS = "$(inherited) @executable_path/Frameworks";
				PRODUCT_BUNDLE_IDENTIFIER = FinalProject.UP719481;
				PRODUCT_NAME = "$(TARGET_NAME)";
				SWIFT_VERSION = 4.0;
				TARGETED_DEVICE_FAMILY = "1,2";
			};
			name = Release;
		};
		37C7AC8720444A2C002DF3E4 /* Debug */ = {
			isa = XCBuildConfiguration;
			buildSettings = {
				ALWAYS_EMBED_SWIFT_STANDARD_LIBRARIES = YES;
				BUNDLE_LOADER = "$(TEST_HOST)";
				CODE_SIGN_STYLE = Automatic;
				DEVELOPMENT_TEAM = C35B5V8K4N;
				INFOPLIST_FILE = UP719481Tests/Info.plist;
				LD_RUNPATH_SEARCH_PATHS = "$(inherited) @executable_path/Frameworks @loader_path/Frameworks";
				PRODUCT_BUNDLE_IDENTIFIER = FinalProject.UP719481Tests;
				PRODUCT_NAME = "$(TARGET_NAME)";
				SWIFT_VERSION = 4.0;
				TARGETED_DEVICE_FAMILY = "1,2";
				TEST_HOST = "$(BUILT_PRODUCTS_DIR)/UP719481.app/UP719481";
			};
			name = Debug;
		};
		37C7AC8820444A2C002DF3E4 /* Release */ = {
			isa = XCBuildConfiguration;
			buildSettings = {
				ALWAYS_EMBED_SWIFT_STANDARD_LIBRARIES = YES;
				BUNDLE_LOADER = "$(TEST_HOST)";
				CODE_SIGN_STYLE = Automatic;
				DEVELOPMENT_TEAM = C35B5V8K4N;
				INFOPLIST_FILE = UP719481Tests/Info.plist;
				LD_RUNPATH_SEARCH_PATHS = "$(inherited) @executable_path/Frameworks @loader_path/Frameworks";
				PRODUCT_BUNDLE_IDENTIFIER = FinalProject.UP719481Tests;
				PRODUCT_NAME = "$(TARGET_NAME)";
				SWIFT_VERSION = 4.0;
				TARGETED_DEVICE_FAMILY = "1,2";
				TEST_HOST = "$(BUILT_PRODUCTS_DIR)/UP719481.app/UP719481";
			};
			name = Release;
		};
		37C7AC8A20444A2C002DF3E4 /* Debug */ = {
			isa = XCBuildConfiguration;
			buildSettings = {
				ALWAYS_EMBED_SWIFT_STANDARD_LIBRARIES = YES;
				CODE_SIGN_STYLE = Automatic;
				DEVELOPMENT_TEAM = C35B5V8K4N;
				INFOPLIST_FILE = UP719481UITests/Info.plist;
				LD_RUNPATH_SEARCH_PATHS = "$(inherited) @executable_path/Frameworks @loader_path/Frameworks";
				PRODUCT_BUNDLE_IDENTIFIER = FinalProject.UP719481UITests;
				PRODUCT_NAME = "$(TARGET_NAME)";
				SWIFT_VERSION = 4.0;
				TARGETED_DEVICE_FAMILY = "1,2";
				TEST_TARGET_NAME = UP719481;
			};
			name = Debug;
		};
		37C7AC8B20444A2C002DF3E4 /* Release */ = {
			isa = XCBuildConfiguration;
			buildSettings = {
				ALWAYS_EMBED_SWIFT_STANDARD_LIBRARIES = YES;
				CODE_SIGN_STYLE = Automatic;
				DEVELOPMENT_TEAM = C35B5V8K4N;
				INFOPLIST_FILE = UP719481UITests/Info.plist;
				LD_RUNPATH_SEARCH_PATHS = "$(inherited) @executable_path/Frameworks @loader_path/Frameworks";
				PRODUCT_BUNDLE_IDENTIFIER = FinalProject.UP719481UITests;
				PRODUCT_NAME = "$(TARGET_NAME)";
				SWIFT_VERSION = 4.0;
				TARGETED_DEVICE_FAMILY = "1,2";
				TEST_TARGET_NAME = UP719481;
			};
			name = Release;
		};
/* End XCBuildConfiguration section */

/* Begin XCConfigurationList section */
		37C7AC5220444A2B002DF3E4 /* Build configuration list for PBXProject "UP719481" */ = {
			isa = XCConfigurationList;
			buildConfigurations = (
				37C7AC8120444A2C002DF3E4 /* Debug */,
				37C7AC8220444A2C002DF3E4 /* Release */,
			);
			defaultConfigurationIsVisible = 0;
			defaultConfigurationName = Release;
		};
		37C7AC8320444A2C002DF3E4 /* Build configuration list for PBXNativeTarget "UP719481" */ = {
			isa = XCConfigurationList;
			buildConfigurations = (
				37C7AC8420444A2C002DF3E4 /* Debug */,
				37C7AC8520444A2C002DF3E4 /* Release */,
			);
			defaultConfigurationIsVisible = 0;
			defaultConfigurationName = Release;
		};
		37C7AC8620444A2C002DF3E4 /* Build configuration list for PBXNativeTarget "UP719481Tests" */ = {
			isa = XCConfigurationList;
			buildConfigurations = (
				37C7AC8720444A2C002DF3E4 /* Debug */,
				37C7AC8820444A2C002DF3E4 /* Release */,
			);
			defaultConfigurationIsVisible = 0;
			defaultConfigurationName = Release;
		};
		37C7AC8920444A2C002DF3E4 /* Build configuration list for PBXNativeTarget "UP719481UITests" */ = {
			isa = XCConfigurationList;
			buildConfigurations = (
				37C7AC8A20444A2C002DF3E4 /* Debug */,
				37C7AC8B20444A2C002DF3E4 /* Release */,
			);
			defaultConfigurationIsVisible = 0;
			defaultConfigurationName = Release;
		};
/* End XCConfigurationList section */
	};
	rootObject = 37C7AC4F20444A2B002DF3E4 /* Project object */;
}
